
Microsoft Visual Studio Solution File, Format Version 12.00
# Visual Studio 15
VisualStudioVersion = 15.0.27428.2037
MinimumVisualStudioVersion = 10.0.40219.1
Project("{2150E333-8FDC-42A3-9474-1A3956D46DE8}") = "Common", "Common", "{D67E66D8-7039-418C-B785-1F00BF23E6F3}"
EndProject
Project("{2150E333-8FDC-42A3-9474-1A3956D46DE8}") = "BusinessLogicLayer", "BusinessLogicLayer", "{387C158E-C16B-4F1E-B48F-744275AD586F}"
EndProject
Project("{2150E333-8FDC-42A3-9474-1A3956D46DE8}") = "DataAcessLayer", "DataAcessLayer", "{B5B8419E-9A89-45AC-8113-D879422CC4E9}"
EndProject
Project("{2150E333-8FDC-42A3-9474-1A3956D46DE8}") = "PresentationLogicLayer", "PresentationLogicLayer", "{09409AF0-8754-49AE-A1A9-9D235F29C89D}"
EndProject
Project("{9A19103F-16F7-4668-BE54-9A1E7A4F7556}") = "Note.Model", "Note.Model\Note.Model.csproj", "{02F5117A-471A-404E-BD21-8E3E86DCD863}"
EndProject
Project("{9A19103F-16F7-4668-BE54-9A1E7A4F7556}") = "Note.IDAL", "Note.IDAL\Note.IDAL.csproj", "{C536CC85-1B71-4F7B-9217-A78886E58222}"
EndProject
Project("{9A19103F-16F7-4668-BE54-9A1E7A4F7556}") = "Note.DAL", "Note.DAL\Note.DAL.csproj", "{6FD203D0-60B5-496C-A251-DB06D4B5115C}"
EndProject
Project("{9A19103F-16F7-4668-BE54-9A1E7A4F7556}") = "Note.BLL", "Note.BLL\Note.BLL.csproj", "{A9E64F2A-7089-43FA-8DD2-4AC981ABCDEC}"
EndProject
Project("{9A19103F-16F7-4668-BE54-9A1E7A4F7556}") = "Note.MVC", "Note.MVC\Note.MVC.csproj", "{189044A9-BA00-4903-BC26-54A829113624}"
EndProject
Project("{FAE04EC0-301F-11D3-BF4B-00C04F79EFBC}") = "Note.ViewModel", "Note.ViewModel\Note.ViewModel.csproj", "{FD4C9F95-E09E-4812-B09A-85892E958912}"
EndProject
Global
	GlobalSection(SolutionConfigurationPlatforms) = preSolution
		Debug|Any CPU = Debug|Any CPU
		Release|Any CPU = Release|Any CPU
	EndGlobalSection
	GlobalSection(ProjectConfigurationPlatforms) = postSolution
		{02F5117A-471A-404E-BD21-8E3E86DCD863}.Debug|Any CPU.ActiveCfg = Debug|Any CPU
		{02F5117A-471A-404E-BD21-8E3E86DCD863}.Debug|Any CPU.Build.0 = Debug|Any CPU
		{02F5117A-471A-404E-BD21-8E3E86DCD863}.Release|Any CPU.ActiveCfg = Release|Any CPU
		{02F5117A-471A-404E-BD21-8E3E86DCD863}.Release|Any CPU.Build.0 = Release|Any CPU
		{C536CC85-1B71-4F7B-9217-A78886E58222}.Debug|Any CPU.ActiveCfg = Debug|Any CPU
		{C536CC85-1B71-4F7B-9217-A78886E58222}.Debug|Any CPU.Build.0 = Debug|Any CPU
		{C536CC85-1B71-4F7B-9217-A78886E58222}.Release|Any CPU.ActiveCfg = Release|Any CPU
		{C536CC85-1B71-4F7B-9217-A78886E58222}.Release|Any CPU.Build.0 = Release|Any CPU
		{6FD203D0-60B5-496C-A251-DB06D4B5115C}.Debug|Any CPU.ActiveCfg = Debug|Any CPU
		{6FD203D0-60B5-496C-A251-DB06D4B5115C}.Debug|Any CPU.Build.0 = Debug|Any CPU
		{6FD203D0-60B5-496C-A251-DB06D4B5115C}.Release|Any CPU.ActiveCfg = Release|Any CPU
		{6FD203D0-60B5-496C-A251-DB06D4B5115C}.Release|Any CPU.Build.0 = Release|Any CPU
		{A9E64F2A-7089-43FA-8DD2-4AC981ABCDEC}.Debug|Any CPU.ActiveCfg = Debug|Any CPU
		{A9E64F2A-7089-43FA-8DD2-4AC981ABCDEC}.Debug|Any CPU.Build.0 = Debug|Any CPU
		{A9E64F2A-7089-43FA-8DD2-4AC981ABCDEC}.Release|Any CPU.ActiveCfg = Release|Any CPU
		{A9E64F2A-7089-43FA-8DD2-4AC981ABCDEC}.Release|Any CPU.Build.0 = Release|Any CPU
		{189044A9-BA00-4903-BC26-54A829113624}.Debug|Any CPU.ActiveCfg = Debug|Any CPU
		{189044A9-BA00-4903-BC26-54A829113624}.Debug|Any CPU.Build.0 = Debug|Any CPU
		{189044A9-BA00-4903-BC26-54A829113624}.Release|Any CPU.ActiveCfg = Release|Any CPU
		{189044A9-BA00-4903-BC26-54A829113624}.Release|Any CPU.Build.0 = Release|Any CPU
		{FD4C9F95-E09E-4812-B09A-85892E958912}.Debug|Any CPU.ActiveCfg = Debug|Any CPU
		{FD4C9F95-E09E-4812-B09A-85892E958912}.Debug|Any CPU.Build.0 = Debug|Any CPU
		{FD4C9F95-E09E-4812-B09A-85892E958912}.Release|Any CPU.ActiveCfg = Release|Any CPU
		{FD4C9F95-E09E-4812-B09A-85892E958912}.Release|Any CPU.Build.0 = Release|Any CPU
	EndGlobalSection
	GlobalSection(SolutionProperties) = preSolution
		HideSolutionNode = FALSE
	EndGlobalSection
	GlobalSection(NestedProjects) = preSolution
		{02F5117A-471A-404E-BD21-8E3E86DCD863} = {D67E66D8-7039-418C-B785-1F00BF23E6F3}
		{C536CC85-1B71-4F7B-9217-A78886E58222} = {B5B8419E-9A89-45AC-8113-D879422CC4E9}
		{6FD203D0-60B5-496C-A251-DB06D4B5115C} = {B5B8419E-9A89-45AC-8113-D879422CC4E9}
		{A9E64F2A-7089-43FA-8DD2-4AC981ABCDEC} = {387C158E-C16B-4F1E-B48F-744275AD586F}
		{189044A9-BA00-4903-BC26-54A829113624} = {09409AF0-8754-49AE-A1A9-9D235F29C89D}
		{FD4C9F95-E09E-4812-B09A-85892E958912} = {D67E66D8-7039-418C-B785-1F00BF23E6F3}
	EndGlobalSection
	GlobalSection(ExtensibilityGlobals) = postSolution
		SolutionGuid = {33105431-C977-4A68-91BE-52D95C8B97AE}
	EndGlobalSection
EndGlobal
